
Microsoft Visual Studio Solution File, Format Version 12.00
# Visual Studio Version 17
VisualStudioVersion = 17.11.35312.102
MinimumVisualStudioVersion = 10.0.40219.1
Project("{2150E333-8FDC-42A3-9474-1A3956D46DE8}") = "Services", "Services", "{44282B11-650D-4D96-8C1C-DC2F3E4556F3}"
EndProject
Project("{2150E333-8FDC-42A3-9474-1A3956D46DE8}") = "CatalogService", "CatalogService", "{5E2B73D2-32DA-455A-9C47-73A5FA79BBA2}"
EndProject
Project("{9A19103F-16F7-4668-BE54-9A1E7A4F7556}") = "CatalogService.Core", "CatalogService.Core\CatalogService.Core.csproj", "{C611C7F4-02EE-42A5-B9F8-8FC11D6F2CEB}"
EndProject
Project("{9A19103F-16F7-4668-BE54-9A1E7A4F7556}") = "CatalogService.Application", "CatalogService.Application\CatalogService.Application.csproj", "{C8020EC1-ED4D-44F8-A19C-C8827A9B8D58}"
EndProject
Project("{9A19103F-16F7-4668-BE54-9A1E7A4F7556}") = "CatalogService.Infrastructure", "CatalogService.Infrastructure\CatalogService.Infrastructure.csproj", "{8B5C1CF3-0D69-4645-B641-5AE48C31F607}"
EndProject
Project("{9A19103F-16F7-4668-BE54-9A1E7A4F7556}") = "CatalogService.Presentation", "CatalogService.Presentation\CatalogService.Presentation.csproj", "{1BEFCBFE-22DD-4560-8651-7D0A8807076E}"
EndProject
Project("{9A19103F-16F7-4668-BE54-9A1E7A4F7556}") = "CatalogServiceTests", "CatalogServiceTests\CatalogServiceTests.csproj", "{2475E77F-50C2-4E7E-BCF7-374A5B05B3C6}"
EndProject
Project("{2150E333-8FDC-42A3-9474-1A3956D46DE8}") = "OrderService", "OrderService", "{1EAF0C03-6CBC-4AD1-80E1-B53E5EC98F28}"
EndProject
Project("{FAE04EC0-301F-11D3-BF4B-00C04F79EFBC}") = "OrderService.Presentation", "OrderService.Presentation\OrderService.Presentation.csproj", "{3B95A4E5-C295-4214-A69F-098067F720CF}"
EndProject
Project("{FAE04EC0-301F-11D3-BF4B-00C04F79EFBC}") = "OrderService.Application", "OrderService.Application\OrderService.Application.csproj", "{7C6C9EBC-6193-40D6-8E6A-5E95D2786E1E}"
EndProject
Project("{FAE04EC0-301F-11D3-BF4B-00C04F79EFBC}") = "OrderService.Core", "OrderService.Core\OrderService.Core.csproj", "{31464587-A80B-4076-A770-00326C356783}"
EndProject
Project("{FAE04EC0-301F-11D3-BF4B-00C04F79EFBC}") = "OrderService.Infrastructure", "OrderService.Infrastructure\OrderService.Infrastructure.csproj", "{810EAB14-E7EB-476B-A085-D6263D0E8653}"
EndProject
Project("{FAE04EC0-301F-11D3-BF4B-00C04F79EFBC}") = "OrderService.Tests", "OrderService.Tests\OrderService.Tests.csproj", "{6E6C3575-9684-4D73-836A-C8C8996033E0}"
EndProject
Global
	GlobalSection(SolutionConfigurationPlatforms) = preSolution
		Debug|Any CPU = Debug|Any CPU
		Release|Any CPU = Release|Any CPU
	EndGlobalSection
	GlobalSection(ProjectConfigurationPlatforms) = postSolution
		{C611C7F4-02EE-42A5-B9F8-8FC11D6F2CEB}.Debug|Any CPU.ActiveCfg = Debug|Any CPU
		{C611C7F4-02EE-42A5-B9F8-8FC11D6F2CEB}.Debug|Any CPU.Build.0 = Debug|Any CPU
		{C611C7F4-02EE-42A5-B9F8-8FC11D6F2CEB}.Release|Any CPU.ActiveCfg = Release|Any CPU
		{C611C7F4-02EE-42A5-B9F8-8FC11D6F2CEB}.Release|Any CPU.Build.0 = Release|Any CPU
		{C8020EC1-ED4D-44F8-A19C-C8827A9B8D58}.Debug|Any CPU.ActiveCfg = Debug|Any CPU
		{C8020EC1-ED4D-44F8-A19C-C8827A9B8D58}.Debug|Any CPU.Build.0 = Debug|Any CPU
		{C8020EC1-ED4D-44F8-A19C-C8827A9B8D58}.Release|Any CPU.ActiveCfg = Release|Any CPU
		{C8020EC1-ED4D-44F8-A19C-C8827A9B8D58}.Release|Any CPU.Build.0 = Release|Any CPU
		{8B5C1CF3-0D69-4645-B641-5AE48C31F607}.Debug|Any CPU.ActiveCfg = Debug|Any CPU
		{8B5C1CF3-0D69-4645-B641-5AE48C31F607}.Debug|Any CPU.Build.0 = Debug|Any CPU
		{8B5C1CF3-0D69-4645-B641-5AE48C31F607}.Release|Any CPU.ActiveCfg = Release|Any CPU
		{8B5C1CF3-0D69-4645-B641-5AE48C31F607}.Release|Any CPU.Build.0 = Release|Any CPU
		{1BEFCBFE-22DD-4560-8651-7D0A8807076E}.Debug|Any CPU.ActiveCfg = Debug|Any CPU
		{1BEFCBFE-22DD-4560-8651-7D0A8807076E}.Debug|Any CPU.Build.0 = Debug|Any CPU
		{1BEFCBFE-22DD-4560-8651-7D0A8807076E}.Release|Any CPU.ActiveCfg = Release|Any CPU
		{1BEFCBFE-22DD-4560-8651-7D0A8807076E}.Release|Any CPU.Build.0 = Release|Any CPU
		{2475E77F-50C2-4E7E-BCF7-374A5B05B3C6}.Debug|Any CPU.ActiveCfg = Debug|Any CPU
		{2475E77F-50C2-4E7E-BCF7-374A5B05B3C6}.Debug|Any CPU.Build.0 = Debug|Any CPU
		{2475E77F-50C2-4E7E-BCF7-374A5B05B3C6}.Release|Any CPU.ActiveCfg = Release|Any CPU
		{2475E77F-50C2-4E7E-BCF7-374A5B05B3C6}.Release|Any CPU.Build.0 = Release|Any CPU
		{3B95A4E5-C295-4214-A69F-098067F720CF}.Debug|Any CPU.ActiveCfg = Debug|Any CPU
		{3B95A4E5-C295-4214-A69F-098067F720CF}.Debug|Any CPU.Build.0 = Debug|Any CPU
		{3B95A4E5-C295-4214-A69F-098067F720CF}.Release|Any CPU.ActiveCfg = Release|Any CPU
		{3B95A4E5-C295-4214-A69F-098067F720CF}.Release|Any CPU.Build.0 = Release|Any CPU
		{7C6C9EBC-6193-40D6-8E6A-5E95D2786E1E}.Debug|Any CPU.ActiveCfg = Debug|Any CPU
		{7C6C9EBC-6193-40D6-8E6A-5E95D2786E1E}.Debug|Any CPU.Build.0 = Debug|Any CPU
		{7C6C9EBC-6193-40D6-8E6A-5E95D2786E1E}.Release|Any CPU.ActiveCfg = Release|Any CPU
		{7C6C9EBC-6193-40D6-8E6A-5E95D2786E1E}.Release|Any CPU.Build.0 = Release|Any CPU
		{31464587-A80B-4076-A770-00326C356783}.Debug|Any CPU.ActiveCfg = Debug|Any CPU
		{31464587-A80B-4076-A770-00326C356783}.Debug|Any CPU.Build.0 = Debug|Any CPU
		{31464587-A80B-4076-A770-00326C356783}.Release|Any CPU.ActiveCfg = Release|Any CPU
		{31464587-A80B-4076-A770-00326C356783}.Release|Any CPU.Build.0 = Release|Any CPU
		{810EAB14-E7EB-476B-A085-D6263D0E8653}.Debug|Any CPU.ActiveCfg = Debug|Any CPU
		{810EAB14-E7EB-476B-A085-D6263D0E8653}.Debug|Any CPU.Build.0 = Debug|Any CPU
		{810EAB14-E7EB-476B-A085-D6263D0E8653}.Release|Any CPU.ActiveCfg = Release|Any CPU
		{810EAB14-E7EB-476B-A085-D6263D0E8653}.Release|Any CPU.Build.0 = Release|Any CPU
		{6E6C3575-9684-4D73-836A-C8C8996033E0}.Debug|Any CPU.ActiveCfg = Debug|Any CPU
		{6E6C3575-9684-4D73-836A-C8C8996033E0}.Debug|Any CPU.Build.0 = Debug|Any CPU
		{6E6C3575-9684-4D73-836A-C8C8996033E0}.Release|Any CPU.ActiveCfg = Release|Any CPU
		{6E6C3575-9684-4D73-836A-C8C8996033E0}.Release|Any CPU.Build.0 = Release|Any CPU
	EndGlobalSection
	GlobalSection(SolutionProperties) = preSolution
		HideSolutionNode = FALSE
	EndGlobalSection
	GlobalSection(NestedProjects) = preSolution
		{5E2B73D2-32DA-455A-9C47-73A5FA79BBA2} = {44282B11-650D-4D96-8C1C-DC2F3E4556F3}
		{C611C7F4-02EE-42A5-B9F8-8FC11D6F2CEB} = {5E2B73D2-32DA-455A-9C47-73A5FA79BBA2}
		{C8020EC1-ED4D-44F8-A19C-C8827A9B8D58} = {5E2B73D2-32DA-455A-9C47-73A5FA79BBA2}
		{8B5C1CF3-0D69-4645-B641-5AE48C31F607} = {5E2B73D2-32DA-455A-9C47-73A5FA79BBA2}
		{1BEFCBFE-22DD-4560-8651-7D0A8807076E} = {5E2B73D2-32DA-455A-9C47-73A5FA79BBA2}
		{2475E77F-50C2-4E7E-BCF7-374A5B05B3C6} = {5E2B73D2-32DA-455A-9C47-73A5FA79BBA2}
		{1EAF0C03-6CBC-4AD1-80E1-B53E5EC98F28} = {44282B11-650D-4D96-8C1C-DC2F3E4556F3}
		{3B95A4E5-C295-4214-A69F-098067F720CF} = {1EAF0C03-6CBC-4AD1-80E1-B53E5EC98F28}
		{7C6C9EBC-6193-40D6-8E6A-5E95D2786E1E} = {1EAF0C03-6CBC-4AD1-80E1-B53E5EC98F28}
		{31464587-A80B-4076-A770-00326C356783} = {1EAF0C03-6CBC-4AD1-80E1-B53E5EC98F28}
		{810EAB14-E7EB-476B-A085-D6263D0E8653} = {1EAF0C03-6CBC-4AD1-80E1-B53E5EC98F28}
		{6E6C3575-9684-4D73-836A-C8C8996033E0} = {1EAF0C03-6CBC-4AD1-80E1-B53E5EC98F28}
	EndGlobalSection
	GlobalSection(ExtensibilityGlobals) = postSolution
		SolutionGuid = {D45A0285-3CFC-4B8F-9584-5E5B795A9142}
	EndGlobalSection
EndGlobal
